
Microsoft Visual Studio Solution File, Format Version 12.00
# Visual Studio Version 17
VisualStudioVersion = 17.7.34024.191
MinimumVisualStudioVersion = 10.0.40219.1
Project("{2150E333-8FDC-42A3-9474-1A3956D46DE8}") = "Task0", "Task0", "{81193926-42CF-476C-BB12-9217DD420827}"
EndProject
Project("{FAE04EC0-301F-11D3-BF4B-00C04F79EFBC}") = "Tyuiu.NasyrovaVR.Sprint3.Task0.V14", "Tyuiu.NasyrovaVR.Sprint3.Task0.V14\Tyuiu.NasyrovaVR.Sprint3.Task0.V14.csproj", "{79CF9639-F4F4-40FF-8D3E-29728E5D3619}"
EndProject
Project("{FAE04EC0-301F-11D3-BF4B-00C04F79EFBC}") = "Tyuiu.NasyrovaVR.Sprint3.Task0.V14.Lib", "Tyuiu.NasyrovaVR.Sprint3.Task0.V14.Lib\Tyuiu.NasyrovaVR.Sprint3.Task0.V14.Lib.csproj", "{1CEAE9FF-33E2-460E-AD3F-FAEF2BD32B3C}"
EndProject
Project("{FAE04EC0-301F-11D3-BF4B-00C04F79EFBC}") = "Tyuiu.NasyrovaVR.Sprint3.Task0.V14.Test", "Tyuiu.NasyrovaVR.Sprint3.Task0.V14.Test\Tyuiu.NasyrovaVR.Sprint3.Task0.V14.Test.csproj", "{4FC7D137-E495-4DC3-A589-22A01922221C}"
EndProject
Project("{2150E333-8FDC-42A3-9474-1A3956D46DE8}") = "Task1", "Task1", "{3116CBB9-7C49-4BFC-8DA0-ECA0D6038DB3}"
EndProject
Project("{FAE04EC0-301F-11D3-BF4B-00C04F79EFBC}") = "Tyuiu.NasyrovaVR.Sprint3.Task1.V20", "Tyuiu.NasyrovaVR.Sprint3.Task1.V20\Tyuiu.NasyrovaVR.Sprint3.Task1.V20.csproj", "{B4AA130C-9CBE-45D5-9D88-4CC5A859ACF8}"
EndProject
Project("{FAE04EC0-301F-11D3-BF4B-00C04F79EFBC}") = "Tyuiu.NasyrovaVR.Sprint3.Task1.V20.Lib", "Tyuiu.NasyrovaVR.Sprint3.Task1.V20.Lib\Tyuiu.NasyrovaVR.Sprint3.Task1.V20.Lib.csproj", "{BB8F670B-A36A-465C-AC50-AB3D53603B8C}"
EndProject
Project("{FAE04EC0-301F-11D3-BF4B-00C04F79EFBC}") = "Tyuiu.NasyrovaVR.Sprint3.Task1.V20.Test", "Tyuiu.NasyrovaVR.Sprint3.Task1.V20.Test\Tyuiu.NasyrovaVR.Sprint3.Task1.V20.Test.csproj", "{7E7E1843-3292-4C78-835C-8BFE959F44E6}"
EndProject
Project("{2150E333-8FDC-42A3-9474-1A3956D46DE8}") = "Task2", "Task2", "{ACCCF1F3-28C3-4CD7-A8F2-193BA1EED222}"
EndProject
Project("{FAE04EC0-301F-11D3-BF4B-00C04F79EFBC}") = "Tyuiu.NasyrovaVR.Sprint3.Task2.V26", "Tyuiu.NasyrovaVR.Sprint3.Task2.V26\Tyuiu.NasyrovaVR.Sprint3.Task2.V26.csproj", "{74D38662-71EF-4F92-B322-23A8FF754FCA}"
EndProject
Project("{FAE04EC0-301F-11D3-BF4B-00C04F79EFBC}") = "Tyuiu.NasyrovaVR.Sprint3.Task2.V26.Lib", "Tyuiu.NasyrovaVR.Sprint3.Task2.V26.Lib\Tyuiu.NasyrovaVR.Sprint3.Task2.V26.Lib.csproj", "{33E98C79-EDC3-4BD7-A305-9976FC8D8DE0}"
EndProject
Project("{FAE04EC0-301F-11D3-BF4B-00C04F79EFBC}") = "Tyuiu.NasyrovaVR.Sprint3.Task2.V26.Test", "Tyuiu.NasyrovaVR.Sprint3.Task2.V26.Test\Tyuiu.NasyrovaVR.Sprint3.Task2.V26.Test.csproj", "{769E989D-D005-463F-8F6D-096A56165D54}"
EndProject
Project("{2150E333-8FDC-42A3-9474-1A3956D46DE8}") = "Task3", "Task3", "{0570043C-47EA-4DB1-84EA-76D264EF2487}"
EndProject
Project("{FAE04EC0-301F-11D3-BF4B-00C04F79EFBC}") = "Tyuiu.NasyrovaVR.Sprint3.Task3.V13", "Tyuiu.NasyrovaVR.Sprint3.Task3.V13\Tyuiu.NasyrovaVR.Sprint3.Task3.V13.csproj", "{51306A21-87E0-43C1-B964-D2C1FD186B86}"
EndProject
Project("{FAE04EC0-301F-11D3-BF4B-00C04F79EFBC}") = "Tyuiu.NasyrovaVR.Sprint3.Task3.V13.Lib", "Tyuiu.NasyrovaVR.Sprint3.Task3.V13.Lib\Tyuiu.NasyrovaVR.Sprint3.Task3.V13.Lib.csproj", "{C8E2567F-FD64-4605-A085-FE154BC747A0}"
EndProject
Project("{FAE04EC0-301F-11D3-BF4B-00C04F79EFBC}") = "Tyuiu.NasyrovaVR.Sprint3.Task3.V13.Test", "Tyuiu.NasyrovaVR.Sprint3.Task3.V13.Test\Tyuiu.NasyrovaVR.Sprint3.Task3.V13.Test.csproj", "{4B0D0A62-5C0D-44CB-BC09-42C997B6214B}"
EndProject
Project("{2150E333-8FDC-42A3-9474-1A3956D46DE8}") = "Task4", "Task4", "{9C1C9858-B6D9-4EE8-878D-AC1EBB9D51F3}"
EndProject
Project("{FAE04EC0-301F-11D3-BF4B-00C04F79EFBC}") = "Tyuiu.NasyrovaVR.Sprint3.Task4.V17", "Tyuiu.NasyrovaVR.Sprint3.Task4.V17\Tyuiu.NasyrovaVR.Sprint3.Task4.V17.csproj", "{A9C858D8-DFF7-4FC6-A402-AEC7EBD0C241}"
EndProject
Project("{FAE04EC0-301F-11D3-BF4B-00C04F79EFBC}") = "Tyuiu.NasyrovaVR.Sprint3.Task4.V17.Lib", "Tyuiu.NasyrovaVR.Sprint3.Task4.V17.Lib\Tyuiu.NasyrovaVR.Sprint3.Task4.V17.Lib.csproj", "{902BE169-F0D3-4398-9C29-09186CFDB644}"
EndProject
Project("{FAE04EC0-301F-11D3-BF4B-00C04F79EFBC}") = "Tyuiu.NasyrovaVR.Sprint3.Task4.V17.Test", "Tyuiu.NasyrovaVR.Sprint3.Task4.V17.Test\Tyuiu.NasyrovaVR.Sprint3.Task4.V17.Test.csproj", "{16E1D874-11DC-41B0-B151-55978FD70E05}"
EndProject
Project("{2150E333-8FDC-42A3-9474-1A3956D46DE8}") = "Task5", "Task5", "{B5CD82E8-8EB6-4482-91E0-F5BE00EA4AAB}"
EndProject
Project("{FAE04EC0-301F-11D3-BF4B-00C04F79EFBC}") = "Tyuiu.NasyrovaVR.Sprint3.Task5.V22", "Tyuiu.NasyrovaVR.Sprint3.Task5.V22\Tyuiu.NasyrovaVR.Sprint3.Task5.V22.csproj", "{6FDDC9E7-BEA2-4CC3-B41E-E6AE8A4AF3B5}"
EndProject
Project("{FAE04EC0-301F-11D3-BF4B-00C04F79EFBC}") = "Tyuiu.NasyrovaVR.Sprint3.Task5.V22.Lib", "Tyuiu.NasyrovaVR.Sprint3.Task5.V22.Lib\Tyuiu.NasyrovaVR.Sprint3.Task5.V22.Lib.csproj", "{7018890D-433B-46E7-BB38-07AD7C77EBAC}"
EndProject
Project("{FAE04EC0-301F-11D3-BF4B-00C04F79EFBC}") = "Tyuiu.NasyrovaVR.Sprint3.Task5.V22.Test", "Tyuiu.NasyrovaVR.Sprint3.Task5.V22.Test\Tyuiu.NasyrovaVR.Sprint3.Task5.V22.Test.csproj", "{1BC70FA7-61BE-470E-B027-229A417A381F}"
EndProject
Project("{2150E333-8FDC-42A3-9474-1A3956D46DE8}") = "Task6", "Task6", "{7D6F5AFD-43EF-49E1-B692-6B20335278DB}"
EndProject
Project("{FAE04EC0-301F-11D3-BF4B-00C04F79EFBC}") = "Tyuiu.NasyrovaVR.Sprint3.Task6.V24", "Tyuiu.NasyrovaVR.Sprint3.Task6.V24\Tyuiu.NasyrovaVR.Sprint3.Task6.V24.csproj", "{29469123-F78C-4542-A658-19522AE3BB9D}"
EndProject
Project("{FAE04EC0-301F-11D3-BF4B-00C04F79EFBC}") = "Tyuiu.NasyrovaVR.Sprint3.Task6.V24.Lib", "Tyuiu.NasyrovaVR.Sprint3.Task6.V24.Lib\Tyuiu.NasyrovaVR.Sprint3.Task6.V24.Lib.csproj", "{97395F9C-6503-438B-A90D-7573B13859FB}"
EndProject
Project("{FAE04EC0-301F-11D3-BF4B-00C04F79EFBC}") = "Tyuiu.NasyrovaVR.Sprint3.Task6.V24.Test", "Tyuiu.NasyrovaVR.Sprint3.Task6.V24.Test\Tyuiu.NasyrovaVR.Sprint3.Task6.V24.Test.csproj", "{D9899E78-AF22-4910-810A-3AB1DFBD6C20}"
EndProject
Global
	GlobalSection(SolutionConfigurationPlatforms) = preSolution
		Debug|Any CPU = Debug|Any CPU
		Release|Any CPU = Release|Any CPU
	EndGlobalSection
	GlobalSection(ProjectConfigurationPlatforms) = postSolution
		{79CF9639-F4F4-40FF-8D3E-29728E5D3619}.Debug|Any CPU.ActiveCfg = Debug|Any CPU
		{79CF9639-F4F4-40FF-8D3E-29728E5D3619}.Debug|Any CPU.Build.0 = Debug|Any CPU
		{79CF9639-F4F4-40FF-8D3E-29728E5D3619}.Release|Any CPU.ActiveCfg = Release|Any CPU
		{79CF9639-F4F4-40FF-8D3E-29728E5D3619}.Release|Any CPU.Build.0 = Release|Any CPU
		{1CEAE9FF-33E2-460E-AD3F-FAEF2BD32B3C}.Debug|Any CPU.ActiveCfg = Debug|Any CPU
		{1CEAE9FF-33E2-460E-AD3F-FAEF2BD32B3C}.Debug|Any CPU.Build.0 = Debug|Any CPU
		{1CEAE9FF-33E2-460E-AD3F-FAEF2BD32B3C}.Release|Any CPU.ActiveCfg = Release|Any CPU
		{1CEAE9FF-33E2-460E-AD3F-FAEF2BD32B3C}.Release|Any CPU.Build.0 = Release|Any CPU
		{4FC7D137-E495-4DC3-A589-22A01922221C}.Debug|Any CPU.ActiveCfg = Debug|Any CPU
		{4FC7D137-E495-4DC3-A589-22A01922221C}.Debug|Any CPU.Build.0 = Debug|Any CPU
		{4FC7D137-E495-4DC3-A589-22A01922221C}.Release|Any CPU.ActiveCfg = Release|Any CPU
		{4FC7D137-E495-4DC3-A589-22A01922221C}.Release|Any CPU.Build.0 = Release|Any CPU
		{B4AA130C-9CBE-45D5-9D88-4CC5A859ACF8}.Debug|Any CPU.ActiveCfg = Debug|Any CPU
		{B4AA130C-9CBE-45D5-9D88-4CC5A859ACF8}.Debug|Any CPU.Build.0 = Debug|Any CPU
		{B4AA130C-9CBE-45D5-9D88-4CC5A859ACF8}.Release|Any CPU.ActiveCfg = Release|Any CPU
		{B4AA130C-9CBE-45D5-9D88-4CC5A859ACF8}.Release|Any CPU.Build.0 = Release|Any CPU
		{BB8F670B-A36A-465C-AC50-AB3D53603B8C}.Debug|Any CPU.ActiveCfg = Debug|Any CPU
		{BB8F670B-A36A-465C-AC50-AB3D53603B8C}.Debug|Any CPU.Build.0 = Debug|Any CPU
		{BB8F670B-A36A-465C-AC50-AB3D53603B8C}.Release|Any CPU.ActiveCfg = Release|Any CPU
		{BB8F670B-A36A-465C-AC50-AB3D53603B8C}.Release|Any CPU.Build.0 = Release|Any CPU
		{7E7E1843-3292-4C78-835C-8BFE959F44E6}.Debug|Any CPU.ActiveCfg = Debug|Any CPU
		{7E7E1843-3292-4C78-835C-8BFE959F44E6}.Debug|Any CPU.Build.0 = Debug|Any CPU
		{7E7E1843-3292-4C78-835C-8BFE959F44E6}.Release|Any CPU.ActiveCfg = Release|Any CPU
		{7E7E1843-3292-4C78-835C-8BFE959F44E6}.Release|Any CPU.Build.0 = Release|Any CPU
		{74D38662-71EF-4F92-B322-23A8FF754FCA}.Debug|Any CPU.ActiveCfg = Debug|Any CPU
		{74D38662-71EF-4F92-B322-23A8FF754FCA}.Debug|Any CPU.Build.0 = Debug|Any CPU
		{74D38662-71EF-4F92-B322-23A8FF754FCA}.Release|Any CPU.ActiveCfg = Release|Any CPU
		{74D38662-71EF-4F92-B322-23A8FF754FCA}.Release|Any CPU.Build.0 = Release|Any CPU
		{33E98C79-EDC3-4BD7-A305-9976FC8D8DE0}.Debug|Any CPU.ActiveCfg = Debug|Any CPU
		{33E98C79-EDC3-4BD7-A305-9976FC8D8DE0}.Debug|Any CPU.Build.0 = Debug|Any CPU
		{33E98C79-EDC3-4BD7-A305-9976FC8D8DE0}.Release|Any CPU.ActiveCfg = Release|Any CPU
		{33E98C79-EDC3-4BD7-A305-9976FC8D8DE0}.Release|Any CPU.Build.0 = Release|Any CPU
		{769E989D-D005-463F-8F6D-096A56165D54}.Debug|Any CPU.ActiveCfg = Debug|Any CPU
		{769E989D-D005-463F-8F6D-096A56165D54}.Debug|Any CPU.Build.0 = Debug|Any CPU
		{769E989D-D005-463F-8F6D-096A56165D54}.Release|Any CPU.ActiveCfg = Release|Any CPU
		{769E989D-D005-463F-8F6D-096A56165D54}.Release|Any CPU.Build.0 = Release|Any CPU
		{51306A21-87E0-43C1-B964-D2C1FD186B86}.Debug|Any CPU.ActiveCfg = Debug|Any CPU
		{51306A21-87E0-43C1-B964-D2C1FD186B86}.Debug|Any CPU.Build.0 = Debug|Any CPU
		{51306A21-87E0-43C1-B964-D2C1FD186B86}.Release|Any CPU.ActiveCfg = Release|Any CPU
		{51306A21-87E0-43C1-B964-D2C1FD186B86}.Release|Any CPU.Build.0 = Release|Any CPU
		{C8E2567F-FD64-4605-A085-FE154BC747A0}.Debug|Any CPU.ActiveCfg = Debug|Any CPU
		{C8E2567F-FD64-4605-A085-FE154BC747A0}.Debug|Any CPU.Build.0 = Debug|Any CPU
		{C8E2567F-FD64-4605-A085-FE154BC747A0}.Release|Any CPU.ActiveCfg = Release|Any CPU
		{C8E2567F-FD64-4605-A085-FE154BC747A0}.Release|Any CPU.Build.0 = Release|Any CPU
		{4B0D0A62-5C0D-44CB-BC09-42C997B6214B}.Debug|Any CPU.ActiveCfg = Debug|Any CPU
		{4B0D0A62-5C0D-44CB-BC09-42C997B6214B}.Debug|Any CPU.Build.0 = Debug|Any CPU
		{4B0D0A62-5C0D-44CB-BC09-42C997B6214B}.Release|Any CPU.ActiveCfg = Release|Any CPU
		{4B0D0A62-5C0D-44CB-BC09-42C997B6214B}.Release|Any CPU.Build.0 = Release|Any CPU
		{A9C858D8-DFF7-4FC6-A402-AEC7EBD0C241}.Debug|Any CPU.ActiveCfg = Debug|Any CPU
		{A9C858D8-DFF7-4FC6-A402-AEC7EBD0C241}.Debug|Any CPU.Build.0 = Debug|Any CPU
		{A9C858D8-DFF7-4FC6-A402-AEC7EBD0C241}.Release|Any CPU.ActiveCfg = Release|Any CPU
		{A9C858D8-DFF7-4FC6-A402-AEC7EBD0C241}.Release|Any CPU.Build.0 = Release|Any CPU
		{902BE169-F0D3-4398-9C29-09186CFDB644}.Debug|Any CPU.ActiveCfg = Debug|Any CPU
		{902BE169-F0D3-4398-9C29-09186CFDB644}.Debug|Any CPU.Build.0 = Debug|Any CPU
		{902BE169-F0D3-4398-9C29-09186CFDB644}.Release|Any CPU.ActiveCfg = Release|Any CPU
		{902BE169-F0D3-4398-9C29-09186CFDB644}.Release|Any CPU.Build.0 = Release|Any CPU
		{16E1D874-11DC-41B0-B151-55978FD70E05}.Debug|Any CPU.ActiveCfg = Debug|Any CPU
		{16E1D874-11DC-41B0-B151-55978FD70E05}.Debug|Any CPU.Build.0 = Debug|Any CPU
		{16E1D874-11DC-41B0-B151-55978FD70E05}.Release|Any CPU.ActiveCfg = Release|Any CPU
		{16E1D874-11DC-41B0-B151-55978FD70E05}.Release|Any CPU.Build.0 = Release|Any CPU
		{6FDDC9E7-BEA2-4CC3-B41E-E6AE8A4AF3B5}.Debug|Any CPU.ActiveCfg = Debug|Any CPU
		{6FDDC9E7-BEA2-4CC3-B41E-E6AE8A4AF3B5}.Debug|Any CPU.Build.0 = Debug|Any CPU
		{6FDDC9E7-BEA2-4CC3-B41E-E6AE8A4AF3B5}.Release|Any CPU.ActiveCfg = Release|Any CPU
		{6FDDC9E7-BEA2-4CC3-B41E-E6AE8A4AF3B5}.Release|Any CPU.Build.0 = Release|Any CPU
		{7018890D-433B-46E7-BB38-07AD7C77EBAC}.Debug|Any CPU.ActiveCfg = Debug|Any CPU
		{7018890D-433B-46E7-BB38-07AD7C77EBAC}.Debug|Any CPU.Build.0 = Debug|Any CPU
		{7018890D-433B-46E7-BB38-07AD7C77EBAC}.Release|Any CPU.ActiveCfg = Release|Any CPU
		{7018890D-433B-46E7-BB38-07AD7C77EBAC}.Release|Any CPU.Build.0 = Release|Any CPU
		{1BC70FA7-61BE-470E-B027-229A417A381F}.Debug|Any CPU.ActiveCfg = Debug|Any CPU
		{1BC70FA7-61BE-470E-B027-229A417A381F}.Debug|Any CPU.Build.0 = Debug|Any CPU
		{1BC70FA7-61BE-470E-B027-229A417A381F}.Release|Any CPU.ActiveCfg = Release|Any CPU
		{1BC70FA7-61BE-470E-B027-229A417A381F}.Release|Any CPU.Build.0 = Release|Any CPU
		{29469123-F78C-4542-A658-19522AE3BB9D}.Debug|Any CPU.ActiveCfg = Debug|Any CPU
		{29469123-F78C-4542-A658-19522AE3BB9D}.Debug|Any CPU.Build.0 = Debug|Any CPU
		{29469123-F78C-4542-A658-19522AE3BB9D}.Release|Any CPU.ActiveCfg = Release|Any CPU
		{29469123-F78C-4542-A658-19522AE3BB9D}.Release|Any CPU.Build.0 = Release|Any CPU
		{97395F9C-6503-438B-A90D-7573B13859FB}.Debug|Any CPU.ActiveCfg = Debug|Any CPU
		{97395F9C-6503-438B-A90D-7573B13859FB}.Debug|Any CPU.Build.0 = Debug|Any CPU
		{97395F9C-6503-438B-A90D-7573B13859FB}.Release|Any CPU.ActiveCfg = Release|Any CPU
		{97395F9C-6503-438B-A90D-7573B13859FB}.Release|Any CPU.Build.0 = Release|Any CPU
		{D9899E78-AF22-4910-810A-3AB1DFBD6C20}.Debug|Any CPU.ActiveCfg = Debug|Any CPU
		{D9899E78-AF22-4910-810A-3AB1DFBD6C20}.Debug|Any CPU.Build.0 = Debug|Any CPU
		{D9899E78-AF22-4910-810A-3AB1DFBD6C20}.Release|Any CPU.ActiveCfg = Release|Any CPU
		{D9899E78-AF22-4910-810A-3AB1DFBD6C20}.Release|Any CPU.Build.0 = Release|Any CPU
	EndGlobalSection
	GlobalSection(SolutionProperties) = preSolution
		HideSolutionNode = FALSE
	EndGlobalSection
	GlobalSection(NestedProjects) = preSolution
		{79CF9639-F4F4-40FF-8D3E-29728E5D3619} = {81193926-42CF-476C-BB12-9217DD420827}
		{1CEAE9FF-33E2-460E-AD3F-FAEF2BD32B3C} = {81193926-42CF-476C-BB12-9217DD420827}
		{4FC7D137-E495-4DC3-A589-22A01922221C} = {81193926-42CF-476C-BB12-9217DD420827}
		{B4AA130C-9CBE-45D5-9D88-4CC5A859ACF8} = {3116CBB9-7C49-4BFC-8DA0-ECA0D6038DB3}
		{BB8F670B-A36A-465C-AC50-AB3D53603B8C} = {3116CBB9-7C49-4BFC-8DA0-ECA0D6038DB3}
		{7E7E1843-3292-4C78-835C-8BFE959F44E6} = {3116CBB9-7C49-4BFC-8DA0-ECA0D6038DB3}
		{74D38662-71EF-4F92-B322-23A8FF754FCA} = {ACCCF1F3-28C3-4CD7-A8F2-193BA1EED222}
		{33E98C79-EDC3-4BD7-A305-9976FC8D8DE0} = {ACCCF1F3-28C3-4CD7-A8F2-193BA1EED222}
		{769E989D-D005-463F-8F6D-096A56165D54} = {ACCCF1F3-28C3-4CD7-A8F2-193BA1EED222}
		{51306A21-87E0-43C1-B964-D2C1FD186B86} = {0570043C-47EA-4DB1-84EA-76D264EF2487}
		{C8E2567F-FD64-4605-A085-FE154BC747A0} = {0570043C-47EA-4DB1-84EA-76D264EF2487}
		{4B0D0A62-5C0D-44CB-BC09-42C997B6214B} = {0570043C-47EA-4DB1-84EA-76D264EF2487}
		{A9C858D8-DFF7-4FC6-A402-AEC7EBD0C241} = {9C1C9858-B6D9-4EE8-878D-AC1EBB9D51F3}
		{902BE169-F0D3-4398-9C29-09186CFDB644} = {9C1C9858-B6D9-4EE8-878D-AC1EBB9D51F3}
		{16E1D874-11DC-41B0-B151-55978FD70E05} = {9C1C9858-B6D9-4EE8-878D-AC1EBB9D51F3}
		{6FDDC9E7-BEA2-4CC3-B41E-E6AE8A4AF3B5} = {B5CD82E8-8EB6-4482-91E0-F5BE00EA4AAB}
		{7018890D-433B-46E7-BB38-07AD7C77EBAC} = {B5CD82E8-8EB6-4482-91E0-F5BE00EA4AAB}
		{1BC70FA7-61BE-470E-B027-229A417A381F} = {B5CD82E8-8EB6-4482-91E0-F5BE00EA4AAB}
		{29469123-F78C-4542-A658-19522AE3BB9D} = {7D6F5AFD-43EF-49E1-B692-6B20335278DB}
		{97395F9C-6503-438B-A90D-7573B13859FB} = {7D6F5AFD-43EF-49E1-B692-6B20335278DB}
		{D9899E78-AF22-4910-810A-3AB1DFBD6C20} = {7D6F5AFD-43EF-49E1-B692-6B20335278DB}
	EndGlobalSection
	GlobalSection(ExtensibilityGlobals) = postSolution
		SolutionGuid = {2C642DA7-33AE-4FB0-BF23-260F47FCE743}
	EndGlobalSection
EndGlobal
